// !$*UTF8*$!
{
	archiveVersion = 1;
	classes = {
	};
	objectVersion = 55;
	objects = {

/* Begin PBXBuildFile section */
		AF0AE6AB28C6DB9000CD2BDA /* AppDelegate.swift in Sources */ = {isa = PBXBuildFile; fileRef = AF0AE6AA28C6DB9000CD2BDA /* AppDelegate.swift */; };
		AF0AE6AD28C6DB9000CD2BDA /* SceneDelegate.swift in Sources */ = {isa = PBXBuildFile; fileRef = AF0AE6AC28C6DB9000CD2BDA /* SceneDelegate.swift */; };
		AF0AE6AF28C6DB9000CD2BDA /* FirstViewController.swift in Sources */ = {isa = PBXBuildFile; fileRef = AF0AE6AE28C6DB9000CD2BDA /* FirstViewController.swift */; };
		AF0AE6B228C6DB9000CD2BDA /* Main.storyboard in Resources */ = {isa = PBXBuildFile; fileRef = AF0AE6B028C6DB9000CD2BDA /* Main.storyboard */; };
		AF0AE6B428C6DB9400CD2BDA /* Assets.xcassets in Resources */ = {isa = PBXBuildFile; fileRef = AF0AE6B328C6DB9400CD2BDA /* Assets.xcassets */; };
		AF0AE6B728C6DB9400CD2BDA /* LaunchScreen.storyboard in Resources */ = {isa = PBXBuildFile; fileRef = AF0AE6B528C6DB9400CD2BDA /* LaunchScreen.storyboard */; };
		AF0AE6C128C6DC1A00CD2BDA /* SecondViewController.swift in Sources */ = {isa = PBXBuildFile; fileRef = AF0AE6C028C6DC1A00CD2BDA /* SecondViewController.swift */; };
/* End PBXBuildFile section */

/* Begin PBXFileReference section */
		AF0AE6A728C6DB9000CD2BDA /* DelegationPattern_Demo.app */ = {isa = PBXFileReference; explicitFileType = wrapper.application; includeInIndex = 0; path = DelegationPattern_Demo.app; sourceTree = BUILT_PRODUCTS_DIR; };
		AF0AE6AA28C6DB9000CD2BDA /* AppDelegate.swift */ = {isa = PBXFileReference; lastKnownFileType = sourcecode.swift; path = AppDelegate.swift; sourceTree = "<group>"; };
		AF0AE6AC28C6DB9000CD2BDA /* SceneDelegate.swift */ = {isa = PBXFileReference; lastKnownFileType = sourcecode.swift; path = SceneDelegate.swift; sourceTree = "<group>"; };
		AF0AE6AE28C6DB9000CD2BDA /* FirstViewController.swift */ = {isa = PBXFileReference; lastKnownFileType = sourcecode.swift; path = FirstViewController.swift; sourceTree = "<group>"; };
		AF0AE6B128C6DB9000CD2BDA /* Base */ = {isa = PBXFileReference; lastKnownFileType = file.storyboard; name = Base; path = Base.lproj/Main.storyboard; sourceTree = "<group>"; };
		AF0AE6B328C6DB9400CD2BDA /* Assets.xcassets */ = {isa = PBXFileReference; lastKnownFileType = folder.assetcatalog; path = Assets.xcassets; sourceTree = "<group>"; };
		AF0AE6B628C6DB9400CD2BDA /* Base */ = {isa = PBXFileReference; lastKnownFileType = file.storyboard; name = Base; path = Base.lproj/LaunchScreen.storyboard; sourceTree = "<group>"; };
		AF0AE6B828C6DB9400CD2BDA /* Info.plist */ = {isa = PBXFileReference; lastKnownFileType = text.plist.xml; path = Info.plist; sourceTree = "<group>"; };
		AF0AE6C028C6DC1A00CD2BDA /* SecondViewController.swift */ = {isa = PBXFileReference; lastKnownFileType = sourcecode.swift; path = SecondViewController.swift; sourceTree = "<group>"; };
		AF81956528C6FC0300BDD50A /* Readme.md */ = {isa = PBXFileReference; lastKnownFileType = net.daringfireball.markdown; path = Readme.md; sourceTree = "<group>"; };
/* End PBXFileReference section */

/* Begin PBXFrameworksBuildPhase section */
		AF0AE6A428C6DB9000CD2BDA /* Frameworks */ = {
			isa = PBXFrameworksBuildPhase;
			buildActionMask = 2147483647;
			files = (
			);
			runOnlyForDeploymentPostprocessing = 0;
		};
/* End PBXFrameworksBuildPhase section */

/* Begin PBXGroup section */
		AF0AE69E28C6DB9000CD2BDA = {
			isa = PBXGroup;
			children = (
				AF0AE6A928C6DB9000CD2BDA /* DelegationPattern_Demo */,
				AF0AE6A828C6DB9000CD2BDA /* Products */,
			);
			sourceTree = "<group>";
		};
		AF0AE6A828C6DB9000CD2BDA /* Products */ = {
			isa = PBXGroup;
			children = (
				AF0AE6A728C6DB9000CD2BDA /* DelegationPattern_Demo.app */,
			);
			name = Products;
			sourceTree = "<group>";
		};
		AF0AE6A928C6DB9000CD2BDA /* DelegationPattern_Demo */ = {
			isa = PBXGroup;
			children = (
				AF0AE6AA28C6DB9000CD2BDA /* AppDelegate.swift */,
				AF0AE6AC28C6DB9000CD2BDA /* SceneDelegate.swift */,
				AF0AE6AE28C6DB9000CD2BDA /* FirstViewController.swift */,
				AF0AE6C028C6DC1A00CD2BDA /* SecondViewController.swift */,
				AF0AE6B028C6DB9000CD2BDA /* Main.storyboard */,
				AF0AE6B328C6DB9400CD2BDA /* Assets.xcassets */,
				AF0AE6B528C6DB9400CD2BDA /* LaunchScreen.storyboard */,
				AF0AE6B828C6DB9400CD2BDA /* Info.plist */,
				AF81956528C6FC0300BDD50A /* Readme.md */,
			);
			path = DelegationPattern_Demo;
			sourceTree = "<group>";
		};
/* End PBXGroup section */

/* Begin PBXNativeTarget section */
		AF0AE6A628C6DB9000CD2BDA /* DelegationPattern_Demo */ = {
			isa = PBXNativeTarget;
			buildConfigurationList = AF0AE6BB28C6DB9400CD2BDA /* Build configuration list for PBXNativeTarget "DelegationPattern_Demo" */;
			buildPhases = (
				AF0AE6A328C6DB9000CD2BDA /* Sources */,
				AF0AE6A428C6DB9000CD2BDA /* Frameworks */,
				AF0AE6A528C6DB9000CD2BDA /* Resources */,
			);
			buildRules = (
			);
			dependencies = (
			);
			name = DelegationPattern_Demo;
			productName = DelegationPattern_Demo;
			productReference = AF0AE6A728C6DB9000CD2BDA /* DelegationPattern_Demo.app */;
			productType = "com.apple.product-type.application";
		};
/* End PBXNativeTarget section */

/* Begin PBXProject section */
		AF0AE69F28C6DB9000CD2BDA /* Project object */ = {
			isa = PBXProject;
			attributes = {
				BuildIndependentTargetsInParallel = 1;
				LastSwiftUpdateCheck = 1340;
				LastUpgradeCheck = 1340;
				TargetAttributes = {
					AF0AE6A628C6DB9000CD2BDA = {
						CreatedOnToolsVersion = 13.4.1;
					};
				};
			};
			buildConfigurationList = AF0AE6A228C6DB9000CD2BDA /* Build configuration list for PBXProject "DelegationPattern_Demo" */;
			compatibilityVersion = "Xcode 13.0";
			developmentRegion = en;
			hasScannedForEncodings = 0;
			knownRegions = (
				en,
				Base,
			);
			mainGroup = AF0AE69E28C6DB9000CD2BDA;
			productRefGroup = AF0AE6A828C6DB9000CD2BDA /* Products */;
			projectDirPath = "";
			projectRoot = "";
			targets = (
				AF0AE6A628C6DB9000CD2BDA /* DelegationPattern_Demo */,
			);
		};
/* End PBXProject section */

/* Begin PBXResourcesBuildPhase section */
		AF0AE6A528C6DB9000CD2BDA /* Resources */ = {
			isa = PBXResourcesBuildPhase;
			buildActionMask = 2147483647;
			files = (
				AF0AE6B728C6DB9400CD2BDA /* LaunchScreen.storyboard in Resources */,
				AF0AE6B428C6DB9400CD2BDA /* Assets.xcassets in Resources */,
				AF0AE6B228C6DB9000CD2BDA /* Main.storyboard in Resources */,
			);
			runOnlyForDeploymentPostprocessing = 0;
		};
/* End PBXResourcesBuildPhase section */

/* Begin PBXSourcesBuildPhase section */
		AF0AE6A328C6DB9000CD2BDA /* Sources */ = {
			isa = PBXSourcesBuildPhase;
			buildActionMask = 2147483647;
			files = (
				AF0AE6C128C6DC1A00CD2BDA /* SecondViewController.swift in Sources */,
				AF0AE6AF28C6DB9000CD2BDA /* FirstViewController.swift in Sources */,
				AF0AE6AB28C6DB9000CD2BDA /* AppDelegate.swift in Sources */,
				AF0AE6AD28C6DB9000CD2BDA /* SceneDelegate.swift in Sources */,
			);
			runOnlyForDeploymentPostprocessing = 0;
		};
/* End PBXSourcesBuildPhase section */

/* Begin PBXVariantGroup section */
		AF0AE6B028C6DB9000CD2BDA /* Main.storyboard */ = {
			isa = PBXVariantGroup;
			children = (
				AF0AE6B128C6DB9000CD2BDA /* Base */,
			);
			name = Main.storyboard;
			sourceTree = "<group>";
		};
		AF0AE6B528C6DB9400CD2BDA /* LaunchScreen.storyboard */ = {
			isa = PBXVariantGroup;
			children = (
				AF0AE6B628C6DB9400CD2BDA /* Base */,
			);
			name = LaunchScreen.storyboard;
			sourceTree = "<group>";
		};
/* End PBXVariantGroup section */

/* Begin XCBuildConfiguration section */
		AF0AE6B928C6DB9400CD2BDA /* Debug */ = {
			isa = XCBuildConfiguration;
			buildSettings = {
				ALWAYS_SEARCH_USER_PATHS = NO;
				CLANG_ANALYZER_NONNULL = YES;
				CLANG_ANALYZER_NUMBER_OBJECT_CONVERSION = YES_AGGRESSIVE;
				CLANG_CXX_LANGUAGE_STANDARD = "gnu++17";
				CLANG_ENABLE_MODULES = YES;
				CLANG_ENABLE_OBJC_ARC = YES;
				CLANG_ENABLE_OBJC_WEAK = YES;
				CLANG_WARN_BLOCK_CAPTURE_AUTORELEASING = YES;
				CLANG_WARN_BOOL_CONVERSION = YES;
				CLANG_WARN_COMMA = YES;
				CLANG_WARN_CONSTANT_CONVERSION = YES;
				CLANG_WARN_DEPRECATED_OBJC_IMPLEMENTATIONS = YES;
				CLANG_WARN_DIRECT_OBJC_ISA_USAGE = YES_ERROR;
				CLANG_WARN_DOCUMENTATION_COMMENTS = YES;
				CLANG_WARN_EMPTY_BODY = YES;
				CLANG_WARN_ENUM_CONVERSION = YES;
				CLANG_WARN_INFINITE_RECURSION = YES;
				CLANG_WARN_INT_CONVERSION = YES;
				CLANG_WARN_NON_LITERAL_NULL_CONVERSION = YES;
				CLANG_WARN_OBJC_IMPLICIT_RETAIN_SELF = YES;
				CLANG_WARN_OBJC_LITERAL_CONVERSION = YES;
				CLANG_WARN_OBJC_ROOT_CLASS = YES_ERROR;
				CLANG_WARN_QUOTED_INCLUDE_IN_FRAMEWORK_HEADER = YES;
				CLANG_WARN_RANGE_LOOP_ANALYSIS = YES;
				CLANG_WARN_STRICT_PROTOTYPES = YES;
				CLANG_WARN_SUSPICIOUS_MOVE = YES;
				CLANG_WARN_UNGUARDED_AVAILABILITY = YES_AGGRESSIVE;
				CLANG_WARN_UNREACHABLE_CODE = YES;
				CLANG_WARN__DUPLICATE_METHOD_MATCH = YES;
				COPY_PHASE_STRIP = NO;
				DEBUG_INFORMATION_FORMAT = dwarf;
				ENABLE_STRICT_OBJC_MSGSEND = YES;
				ENABLE_TESTABILITY = YES;
				GCC_C_LANGUAGE_STANDARD = gnu11;
				GCC_DYNAMIC_NO_PIC = NO;
				GCC_NO_COMMON_BLOCKS = YES;
				GCC_OPTIMIZATION_LEVEL = 0;
				GCC_PREPROCESSOR_DEFINITIONS = (
					"DEBUG=1",
					"$(inherited)",
				);
				GCC_WARN_64_TO_32_BIT_CONVERSION = YES;
				GCC_WARN_ABOUT_RETURN_TYPE = YES_ERROR;
				GCC_WARN_UNDECLARED_SELECTOR = YES;
				GCC_WARN_UNINITIALIZED_AUTOS = YES_AGGRESSIVE;
				GCC_WARN_UNUSED_FUNCTION = YES;
				GCC_WARN_UNUSED_VARIABLE = YES;
				IPHONEOS_DEPLOYMENT_TARGET = 15.5;
				MTL_ENABLE_DEBUG_INFO = INCLUDE_SOURCE;
				MTL_FAST_MATH = YES;
				ONLY_ACTIVE_ARCH = YES;
				SDKROOT = iphoneos;
				SWIFT_ACTIVE_COMPILATION_CONDITIONS = DEBUG;
				SWIFT_OPTIMIZATION_LEVEL = "-Onone";
			};
			name = Debug;
		};
		AF0AE6BA28C6DB9400CD2BDA /* Release */ = {
			isa = XCBuildConfiguration;
			buildSettings = {
				ALWAYS_SEARCH_USER_PATHS = NO;
				CLANG_ANALYZER_NONNULL = YES;
				CLANG_ANALYZER_NUMBER_OBJECT_CONVERSION = YES_AGGRESSIVE;
				CLANG_CXX_LANGUAGE_STANDARD = "gnu++17";
				CLANG_ENABLE_MODULES = YES;
				CLANG_ENABLE_OBJC_ARC = YES;
				CLANG_ENABLE_OBJC_WEAK = YES;
				CLANG_WARN_BLOCK_CAPTURE_AUTORELEASING = YES;
				CLANG_WARN_BOOL_CONVERSION = YES;
				CLANG_WARN_COMMA = YES;
				CLANG_WARN_CONSTANT_CONVERSION = YES;
				CLANG_WARN_DEPRECATED_OBJC_IMPLEMENTATIONS = YES;
				CLANG_WARN_DIRECT_OBJC_ISA_USAGE = YES_ERROR;
				CLANG_WARN_DOCUMENTATION_COMMENTS = YES;
				CLANG_WARN_EMPTY_BODY = YES;
				CLANG_WARN_ENUM_CONVERSION = YES;
				CLANG_WARN_INFINITE_RECURSION = YES;
				CLANG_WARN_INT_CONVERSION = YES;
				CLANG_WARN_NON_LITERAL_NULL_CONVERSION = YES;
				CLANG_WARN_OBJC_IMPLICIT_RETAIN_SELF = YES;
				CLANG_WARN_OBJC_LITERAL_CONVERSION = YES;
				CLANG_WARN_OBJC_ROOT_CLASS = YES_ERROR;
				CLANG_WARN_QUOTED_INCLUDE_IN_FRAMEWORK_HEADER = YES;
				CLANG_WARN_RANGE_LOOP_ANALYSIS = YES;
				CLANG_WARN_STRICT_PROTOTYPES = YES;
				CLANG_WARN_SUSPICIOUS_MOVE = YES;
				CLANG_WARN_UNGUARDED_AVAILABILITY = YES_AGGRESSIVE;
				CLANG_WARN_UNREACHABLE_CODE = YES;
				CLANG_WARN__DUPLICATE_METHOD_MATCH = YES;
				COPY_PHASE_STRIP = NO;
				DEBUG_INFORMATION_FORMAT = "dwarf-with-dsym";
				ENABLE_NS_ASSERTIONS = NO;
				ENABLE_STRICT_OBJC_MSGSEND = YES;
				GCC_C_LANGUAGE_STANDARD = gnu11;
				GCC_NO_COMMON_BLOCKS = YES;
				GCC_WARN_64_TO_32_BIT_CONVERSION = YES;
				GCC_WARN_ABOUT_RETURN_TYPE = YES_ERROR;
				GCC_WARN_UNDECLARED_SELECTOR = YES;
				GCC_WARN_UNINITIALIZED_AUTOS = YES_AGGRESSIVE;
				GCC_WARN_UNUSED_FUNCTION = YES;
				GCC_WARN_UNUSED_VARIABLE = YES;
				IPHONEOS_DEPLOYMENT_TARGET = 15.5;
				MTL_ENABLE_DEBUG_INFO = NO;
				MTL_FAST_MATH = YES;
				SDKROOT = iphoneos;
				SWIFT_COMPILATION_MODE = wholemodule;
				SWIFT_OPTIMIZATION_LEVEL = "-O";
				VALIDATE_PRODUCT = YES;
			};
			name = Release;
		};
		AF0AE6BC28C6DB9400CD2BDA /* Debug */ = {
			isa = XCBuildConfiguration;
			buildSettings = {
				ASSETCATALOG_COMPILER_APPICON_NAME = AppIcon;
				ASSETCATALOG_COMPILER_GLOBAL_ACCENT_COLOR_NAME = AccentColor;
				CODE_SIGN_STYLE = Automatic;
				CURRENT_PROJECT_VERSION = 1;
				DEVELOPMENT_TEAM = XUBQG8TT4Q;
				GENERATE_INFOPLIST_FILE = YES;
				INFOPLIST_FILE = DelegationPattern_Demo/Info.plist;
				INFOPLIST_KEY_UIApplicationSupportsIndirectInputEvents = YES;
				INFOPLIST_KEY_UILaunchStoryboardName = LaunchScreen;
				INFOPLIST_KEY_UIMainStoryboardFile = Main;
				INFOPLIST_KEY_UISupportedInterfaceOrientations_iPad = "UIInterfaceOrientationPortrait UIInterfaceOrientationPortraitUpsideDown UIInterfaceOrientationLandscapeLeft UIInterfaceOrientationLandscapeRight";
				INFOPLIST_KEY_UISupportedInterfaceOrientations_iPhone = "UIInterfaceOrientationPortrait UIInterfaceOrientationLandscapeLeft UIInterfaceOrientationLandscapeRight";
				LD_RUNPATH_SEARCH_PATHS = (
					"$(inherited)",
					"@executable_path/Frameworks",
				);
				MARKETING_VERSION = 1.0;
				PRODUCT_BUNDLE_IDENTIFIER = "chinhng.DelegationPattern-Demo";
				PRODUCT_NAME = "$(TARGET_NAME)";
				SWIFT_EMIT_LOC_STRINGS = YES;
				SWIFT_VERSION = 5.0;
				TARGETED_DEVICE_FAMILY = "1,2";
			};
			name = Debug;
		};
		AF0AE6BD28C6DB9400CD2BDA /* Release */ = {
			isa = XCBuildConfiguration;
			buildSettings = {
				ASSETCATALOG_COMPILER_APPICON_NAME = AppIcon;
				ASSETCATALOG_COMPILER_GLOBAL_ACCENT_COLOR_NAME = AccentColor;
				CODE_SIGN_STYLE = Automatic;
				CURRENT_PROJECT_VERSION = 1;
				DEVELOPMENT_TEAM = XUBQG8TT4Q;
				GENERATE_INFOPLIST_FILE = YES;
				INFOPLIST_FILE = DelegationPattern_Demo/Info.plist;
				INFOPLIST_KEY_UIApplicationSupportsIndirectInputEvents = YES;
				INFOPLIST_KEY_UILaunchStoryboardName = LaunchScreen;
				INFOPLIST_KEY_UIMainStoryboardFile = Main;
				INFOPLIST_KEY_UISupportedInterfaceOrientations_iPad = "UIInterfaceOrientationPortrait UIInterfaceOrientationPortraitUpsideDown UIInterfaceOrientationLandscapeLeft UIInterfaceOrientationLandscapeRight";
				INFOPLIST_KEY_UISupportedInterfaceOrientations_iPhone = "UIInterfaceOrientationPortrait UIInterfaceOrientationLandscapeLeft UIInterfaceOrientationLandscapeRight";
				LD_RUNPATH_SEARCH_PATHS = (
					"$(inherited)",
					"@executable_path/Frameworks",
				);
				MARKETING_VERSION = 1.0;
				PRODUCT_BUNDLE_IDENTIFIER = "chinhng.DelegationPattern-Demo";
				PRODUCT_NAME = "$(TARGET_NAME)";
				SWIFT_EMIT_LOC_STRINGS = YES;
				SWIFT_VERSION = 5.0;
				TARGETED_DEVICE_FAMILY = "1,2";
			};
			name = Release;
		};
/* End XCBuildConfiguration section */

/* Begin XCConfigurationList section */
		AF0AE6A228C6DB9000CD2BDA /* Build configuration list for PBXProject "DelegationPattern_Demo" */ = {
			isa = XCConfigurationList;
			buildConfigurations = (
				AF0AE6B928C6DB9400CD2BDA /* Debug */,
				AF0AE6BA28C6DB9400CD2BDA /* Release */,
			);
			defaultConfigurationIsVisible = 0;
			defaultConfigurationName = Release;
		};
		AF0AE6BB28C6DB9400CD2BDA /* Build configuration list for PBXNativeTarget "DelegationPattern_Demo" */ = {
			isa = XCConfigurationList;
			buildConfigurations = (
				AF0AE6BC28C6DB9400CD2BDA /* Debug */,
				AF0AE6BD28C6DB9400CD2BDA /* Release */,
			);
			defaultConfigurationIsVisible = 0;
			defaultConfigurationName = Release;
		};
/* End XCConfigurationList section */
	};
	rootObject = AF0AE69F28C6DB9000CD2BDA /* Project object */;
}
